// !$*UTF8*$!
{
	archiveVersion = 1;
	classes = {
	};
	objectVersion = 50;
	objects = {

/* Begin PBXBuildFile section */
		60BEF0102631D7CA004DD1E1 /* movieDBApp.swift in Sources */ = {isa = PBXBuildFile; fileRef = 60BEF00F2631D7CA004DD1E1 /* movieDBApp.swift */; };
		60BEF0122631D7CA004DD1E1 /* ContentView.swift in Sources */ = {isa = PBXBuildFile; fileRef = 60BEF0112631D7CA004DD1E1 /* ContentView.swift */; };
		60BEF0142631D7CD004DD1E1 /* Assets.xcassets in Resources */ = {isa = PBXBuildFile; fileRef = 60BEF0132631D7CD004DD1E1 /* Assets.xcassets */; };
		60BEF0172631D7CD004DD1E1 /* Preview Assets.xcassets in Resources */ = {isa = PBXBuildFile; fileRef = 60BEF0162631D7CD004DD1E1 /* Preview Assets.xcassets */; };
		60BEF0222631D7CD004DD1E1 /* movieDBTests.swift in Sources */ = {isa = PBXBuildFile; fileRef = 60BEF0212631D7CD004DD1E1 /* movieDBTests.swift */; };
		60BEF02D2631D7CE004DD1E1 /* movieDBUITests.swift in Sources */ = {isa = PBXBuildFile; fileRef = 60BEF02C2631D7CE004DD1E1 /* movieDBUITests.swift */; };
		60BEF0462632001B004DD1E1 /* MovieData.swift in Sources */ = {isa = PBXBuildFile; fileRef = 60BEF0452632001B004DD1E1 /* MovieData.swift */; };
/* End PBXBuildFile section */

/* Begin PBXContainerItemProxy section */
		60BEF01E2631D7CD004DD1E1 /* PBXContainerItemProxy */ = {
			isa = PBXContainerItemProxy;
			containerPortal = 60BEF0042631D7CA004DD1E1 /* Project object */;
			proxyType = 1;
			remoteGlobalIDString = 60BEF00B2631D7CA004DD1E1;
			remoteInfo = movieDB;
		};
		60BEF0292631D7CE004DD1E1 /* PBXContainerItemProxy */ = {
			isa = PBXContainerItemProxy;
			containerPortal = 60BEF0042631D7CA004DD1E1 /* Project object */;
			proxyType = 1;
			remoteGlobalIDString = 60BEF00B2631D7CA004DD1E1;
			remoteInfo = movieDB;
		};
/* End PBXContainerItemProxy section */

/* Begin PBXFileReference section */
		60BEF00C2631D7CA004DD1E1 /* movieDB.app */ = {isa = PBXFileReference; explicitFileType = wrapper.application; includeInIndex = 0; path = movieDB.app; sourceTree = BUILT_PRODUCTS_DIR; };
		60BEF00F2631D7CA004DD1E1 /* movieDBApp.swift */ = {isa = PBXFileReference; lastKnownFileType = sourcecode.swift; path = movieDBApp.swift; sourceTree = "<group>"; };
		60BEF0112631D7CA004DD1E1 /* ContentView.swift */ = {isa = PBXFileReference; lastKnownFileType = sourcecode.swift; path = ContentView.swift; sourceTree = "<group>"; };
		60BEF0132631D7CD004DD1E1 /* Assets.xcassets */ = {isa = PBXFileReference; lastKnownFileType = folder.assetcatalog; path = Assets.xcassets; sourceTree = "<group>"; };
		60BEF0162631D7CD004DD1E1 /* Preview Assets.xcassets */ = {isa = PBXFileReference; lastKnownFileType = folder.assetcatalog; path = "Preview Assets.xcassets"; sourceTree = "<group>"; };
		60BEF0182631D7CD004DD1E1 /* Info.plist */ = {isa = PBXFileReference; lastKnownFileType = text.plist.xml; path = Info.plist; sourceTree = "<group>"; };
		60BEF01D2631D7CD004DD1E1 /* movieDBTests.xctest */ = {isa = PBXFileReference; explicitFileType = wrapper.cfbundle; includeInIndex = 0; path = movieDBTests.xctest; sourceTree = BUILT_PRODUCTS_DIR; };
		60BEF0212631D7CD004DD1E1 /* movieDBTests.swift */ = {isa = PBXFileReference; lastKnownFileType = sourcecode.swift; path = movieDBTests.swift; sourceTree = "<group>"; };
		60BEF0232631D7CD004DD1E1 /* Info.plist */ = {isa = PBXFileReference; lastKnownFileType = text.plist.xml; path = Info.plist; sourceTree = "<group>"; };
		60BEF0282631D7CE004DD1E1 /* movieDBUITests.xctest */ = {isa = PBXFileReference; explicitFileType = wrapper.cfbundle; includeInIndex = 0; path = movieDBUITests.xctest; sourceTree = BUILT_PRODUCTS_DIR; };
		60BEF02C2631D7CE004DD1E1 /* movieDBUITests.swift */ = {isa = PBXFileReference; lastKnownFileType = sourcecode.swift; path = movieDBUITests.swift; sourceTree = "<group>"; };
		60BEF02E2631D7CE004DD1E1 /* Info.plist */ = {isa = PBXFileReference; lastKnownFileType = text.plist.xml; path = Info.plist; sourceTree = "<group>"; };
		60BEF0452632001B004DD1E1 /* MovieData.swift */ = {isa = PBXFileReference; lastKnownFileType = sourcecode.swift; path = MovieData.swift; sourceTree = "<group>"; };
/* End PBXFileReference section */

/* Begin PBXFrameworksBuildPhase section */
		60BEF0092631D7CA004DD1E1 /* Frameworks */ = {
			isa = PBXFrameworksBuildPhase;
			buildActionMask = 2147483647;
			files = (
			);
			runOnlyForDeploymentPostprocessing = 0;
		};
		60BEF01A2631D7CD004DD1E1 /* Frameworks */ = {
			isa = PBXFrameworksBuildPhase;
			buildActionMask = 2147483647;
			files = (
			);
			runOnlyForDeploymentPostprocessing = 0;
		};
		60BEF0252631D7CE004DD1E1 /* Frameworks */ = {
			isa = PBXFrameworksBuildPhase;
			buildActionMask = 2147483647;
			files = (
			);
			runOnlyForDeploymentPostprocessing = 0;
		};
/* End PBXFrameworksBuildPhase section */

/* Begin PBXGroup section */
		60BEF0032631D7CA004DD1E1 = {
			isa = PBXGroup;
			children = (
				60BEF00E2631D7CA004DD1E1 /* movieDB */,
				60BEF0202631D7CD004DD1E1 /* movieDBTests */,
				60BEF02B2631D7CE004DD1E1 /* movieDBUITests */,
				60BEF00D2631D7CA004DD1E1 /* Products */,
			);
			sourceTree = "<group>";
		};
		60BEF00D2631D7CA004DD1E1 /* Products */ = {
			isa = PBXGroup;
			children = (
				60BEF00C2631D7CA004DD1E1 /* movieDB.app */,
				60BEF01D2631D7CD004DD1E1 /* movieDBTests.xctest */,
				60BEF0282631D7CE004DD1E1 /* movieDBUITests.xctest */,
			);
			name = Products;
			sourceTree = "<group>";
		};
		60BEF00E2631D7CA004DD1E1 /* movieDB */ = {
			isa = PBXGroup;
			children = (
				60BEF03D2631FF65004DD1E1 /* modules */,
				60BEF00F2631D7CA004DD1E1 /* movieDBApp.swift */,
				60BEF0112631D7CA004DD1E1 /* ContentView.swift */,
				60BEF0132631D7CD004DD1E1 /* Assets.xcassets */,
				60BEF0182631D7CD004DD1E1 /* Info.plist */,
				60BEF0152631D7CD004DD1E1 /* Preview Content */,
			);
			path = movieDB;
			sourceTree = "<group>";
		};
		60BEF0152631D7CD004DD1E1 /* Preview Content */ = {
			isa = PBXGroup;
			children = (
				60BEF0162631D7CD004DD1E1 /* Preview Assets.xcassets */,
			);
			path = "Preview Content";
			sourceTree = "<group>";
		};
		60BEF0202631D7CD004DD1E1 /* movieDBTests */ = {
			isa = PBXGroup;
			children = (
				60BEF0212631D7CD004DD1E1 /* movieDBTests.swift */,
				60BEF0232631D7CD004DD1E1 /* Info.plist */,
			);
			path = movieDBTests;
			sourceTree = "<group>";
		};
		60BEF02B2631D7CE004DD1E1 /* movieDBUITests */ = {
			isa = PBXGroup;
			children = (
				60BEF02C2631D7CE004DD1E1 /* movieDBUITests.swift */,
				60BEF02E2631D7CE004DD1E1 /* Info.plist */,
			);
			path = movieDBUITests;
			sourceTree = "<group>";
		};
		60BEF03D2631FF65004DD1E1 /* modules */ = {
			isa = PBXGroup;
			children = (
				60BEF03E2631FF6B004DD1E1 /* moviesList */,
			);
			path = modules;
			sourceTree = "<group>";
		};
		60BEF03E2631FF6B004DD1E1 /* moviesList */ = {
			isa = PBXGroup;
			children = (
				60BEF0442631FFD2004DD1E1 /* View */,
				60BEF0432631FFCB004DD1E1 /* ViewModel */,
				60BEF0422631FFBD004DD1E1 /* Model */,
			);
			path = moviesList;
			sourceTree = "<group>";
		};
		60BEF0422631FFBD004DD1E1 /* Model */ = {
			isa = PBXGroup;
			children = (
				60BEF0452632001B004DD1E1 /* MovieData.swift */,
			);
			path = Model;
			sourceTree = "<group>";
		};
		60BEF0432631FFCB004DD1E1 /* ViewModel */ = {
			isa = PBXGroup;
			children = (
			);
			path = ViewModel;
			sourceTree = "<group>";
		};
		60BEF0442631FFD2004DD1E1 /* View */ = {
			isa = PBXGroup;
			children = (
			);
			path = View;
			sourceTree = "<group>";
		};
/* End PBXGroup section */

/* Begin PBXNativeTarget section */
		60BEF00B2631D7CA004DD1E1 /* movieDB */ = {
			isa = PBXNativeTarget;
			buildConfigurationList = 60BEF0312631D7CE004DD1E1 /* Build configuration list for PBXNativeTarget "movieDB" */;
			buildPhases = (
				60BEF0082631D7CA004DD1E1 /* Sources */,
				60BEF0092631D7CA004DD1E1 /* Frameworks */,
				60BEF00A2631D7CA004DD1E1 /* Resources */,
			);
			buildRules = (
			);
			dependencies = (
			);
			name = movieDB;
			productName = movieDB;
			productReference = 60BEF00C2631D7CA004DD1E1 /* movieDB.app */;
			productType = "com.apple.product-type.application";
		};
		60BEF01C2631D7CD004DD1E1 /* movieDBTests */ = {
			isa = PBXNativeTarget;
			buildConfigurationList = 60BEF0342631D7CE004DD1E1 /* Build configuration list for PBXNativeTarget "movieDBTests" */;
			buildPhases = (
				60BEF0192631D7CD004DD1E1 /* Sources */,
				60BEF01A2631D7CD004DD1E1 /* Frameworks */,
				60BEF01B2631D7CD004DD1E1 /* Resources */,
			);
			buildRules = (
			);
			dependencies = (
				60BEF01F2631D7CD004DD1E1 /* PBXTargetDependency */,
			);
			name = movieDBTests;
			productName = movieDBTests;
			productReference = 60BEF01D2631D7CD004DD1E1 /* movieDBTests.xctest */;
			productType = "com.apple.product-type.bundle.unit-test";
		};
		60BEF0272631D7CE004DD1E1 /* movieDBUITests */ = {
			isa = PBXNativeTarget;
			buildConfigurationList = 60BEF0372631D7CE004DD1E1 /* Build configuration list for PBXNativeTarget "movieDBUITests" */;
			buildPhases = (
				60BEF0242631D7CE004DD1E1 /* Sources */,
				60BEF0252631D7CE004DD1E1 /* Frameworks */,
				60BEF0262631D7CE004DD1E1 /* Resources */,
			);
			buildRules = (
			);
			dependencies = (
				60BEF02A2631D7CE004DD1E1 /* PBXTargetDependency */,
			);
			name = movieDBUITests;
			productName = movieDBUITests;
			productReference = 60BEF0282631D7CE004DD1E1 /* movieDBUITests.xctest */;
			productType = "com.apple.product-type.bundle.ui-testing";
		};
/* End PBXNativeTarget section */

/* Begin PBXProject section */
		60BEF0042631D7CA004DD1E1 /* Project object */ = {
			isa = PBXProject;
			attributes = {
				LastSwiftUpdateCheck = 1200;
				LastUpgradeCheck = 1200;
				TargetAttributes = {
					60BEF00B2631D7CA004DD1E1 = {
						CreatedOnToolsVersion = 12.0;
					};
					60BEF01C2631D7CD004DD1E1 = {
						CreatedOnToolsVersion = 12.0;
						TestTargetID = 60BEF00B2631D7CA004DD1E1;
					};
					60BEF0272631D7CE004DD1E1 = {
						CreatedOnToolsVersion = 12.0;
						TestTargetID = 60BEF00B2631D7CA004DD1E1;
					};
				};
			};
			buildConfigurationList = 60BEF0072631D7CA004DD1E1 /* Build configuration list for PBXProject "movieDB" */;
			compatibilityVersion = "Xcode 9.3";
			developmentRegion = en;
			hasScannedForEncodings = 0;
			knownRegions = (
				en,
				Base,
			);
			mainGroup = 60BEF0032631D7CA004DD1E1;
			productRefGroup = 60BEF00D2631D7CA004DD1E1 /* Products */;
			projectDirPath = "";
			projectRoot = "";
			targets = (
				60BEF00B2631D7CA004DD1E1 /* movieDB */,
				60BEF01C2631D7CD004DD1E1 /* movieDBTests */,
				60BEF0272631D7CE004DD1E1 /* movieDBUITests */,
			);
		};
/* End PBXProject section */

/* Begin PBXResourcesBuildPhase section */
		60BEF00A2631D7CA004DD1E1 /* Resources */ = {
			isa = PBXResourcesBuildPhase;
			buildActionMask = 2147483647;
			files = (
				60BEF0172631D7CD004DD1E1 /* Preview Assets.xcassets in Resources */,
				60BEF0142631D7CD004DD1E1 /* Assets.xcassets in Resources */,
			);
			runOnlyForDeploymentPostprocessing = 0;
		};
		60BEF01B2631D7CD004DD1E1 /* Resources */ = {
			isa = PBXResourcesBuildPhase;
			buildActionMask = 2147483647;
			files = (
			);
			runOnlyForDeploymentPostprocessing = 0;
		};
		60BEF0262631D7CE004DD1E1 /* Resources */ = {
			isa = PBXResourcesBuildPhase;
			buildActionMask = 2147483647;
			files = (
			);
			runOnlyForDeploymentPostprocessing = 0;
		};
/* End PBXResourcesBuildPhase section */

/* Begin PBXSourcesBuildPhase section */
		60BEF0082631D7CA004DD1E1 /* Sources */ = {
			isa = PBXSourcesBuildPhase;
			buildActionMask = 2147483647;
			files = (
				60BEF0462632001B004DD1E1 /* MovieData.swift in Sources */,
				60BEF0122631D7CA004DD1E1 /* ContentView.swift in Sources */,
				60BEF0102631D7CA004DD1E1 /* movieDBApp.swift in Sources */,
			);
			runOnlyForDeploymentPostprocessing = 0;
		};
		60BEF0192631D7CD004DD1E1 /* Sources */ = {
			isa = PBXSourcesBuildPhase;
			buildActionMask = 2147483647;
			files = (
				60BEF0222631D7CD004DD1E1 /* movieDBTests.swift in Sources */,
			);
			runOnlyForDeploymentPostprocessing = 0;
		};
		60BEF0242631D7CE004DD1E1 /* Sources */ = {
			isa = PBXSourcesBuildPhase;
			buildActionMask = 2147483647;
			files = (
				60BEF02D2631D7CE004DD1E1 /* movieDBUITests.swift in Sources */,
			);
			runOnlyForDeploymentPostprocessing = 0;
		};
/* End PBXSourcesBuildPhase section */

/* Begin PBXTargetDependency section */
		60BEF01F2631D7CD004DD1E1 /* PBXTargetDependency */ = {
			isa = PBXTargetDependency;
			target = 60BEF00B2631D7CA004DD1E1 /* movieDB */;
			targetProxy = 60BEF01E2631D7CD004DD1E1 /* PBXContainerItemProxy */;
		};
		60BEF02A2631D7CE004DD1E1 /* PBXTargetDependency */ = {
			isa = PBXTargetDependency;
			target = 60BEF00B2631D7CA004DD1E1 /* movieDB */;
			targetProxy = 60BEF0292631D7CE004DD1E1 /* PBXContainerItemProxy */;
		};
/* End PBXTargetDependency section */

/* Begin XCBuildConfiguration section */
		60BEF02F2631D7CE004DD1E1 /* Debug */ = {
			isa = XCBuildConfiguration;
			buildSettings = {
				ALWAYS_SEARCH_USER_PATHS = NO;
				CLANG_ANALYZER_NONNULL = YES;
				CLANG_ANALYZER_NUMBER_OBJECT_CONVERSION = YES_AGGRESSIVE;
				CLANG_CXX_LANGUAGE_STANDARD = "gnu++14";
				CLANG_CXX_LIBRARY = "libc++";
				CLANG_ENABLE_MODULES = YES;
				CLANG_ENABLE_OBJC_ARC = YES;
				CLANG_ENABLE_OBJC_WEAK = YES;
				CLANG_WARN_BLOCK_CAPTURE_AUTORELEASING = YES;
				CLANG_WARN_BOOL_CONVERSION = YES;
				CLANG_WARN_COMMA = YES;
				CLANG_WARN_CONSTANT_CONVERSION = YES;
				CLANG_WARN_DEPRECATED_OBJC_IMPLEMENTATIONS = YES;
				CLANG_WARN_DIRECT_OBJC_ISA_USAGE = YES_ERROR;
				CLANG_WARN_DOCUMENTATION_COMMENTS = YES;
				CLANG_WARN_EMPTY_BODY = YES;
				CLANG_WARN_ENUM_CONVERSION = YES;
				CLANG_WARN_INFINITE_RECURSION = YES;
				CLANG_WARN_INT_CONVERSION = YES;
				CLANG_WARN_NON_LITERAL_NULL_CONVERSION = YES;
				CLANG_WARN_OBJC_IMPLICIT_RETAIN_SELF = YES;
				CLANG_WARN_OBJC_LITERAL_CONVERSION = YES;
				CLANG_WARN_OBJC_ROOT_CLASS = YES_ERROR;
				CLANG_WARN_QUOTED_INCLUDE_IN_FRAMEWORK_HEADER = YES;
				CLANG_WARN_RANGE_LOOP_ANALYSIS = YES;
				CLANG_WARN_STRICT_PROTOTYPES = YES;
				CLANG_WARN_SUSPICIOUS_MOVE = YES;
				CLANG_WARN_UNGUARDED_AVAILABILITY = YES_AGGRESSIVE;
				CLANG_WARN_UNREACHABLE_CODE = YES;
				CLANG_WARN__DUPLICATE_METHOD_MATCH = YES;
				COPY_PHASE_STRIP = NO;
				DEBUG_INFORMATION_FORMAT = dwarf;
				ENABLE_STRICT_OBJC_MSGSEND = YES;
				ENABLE_TESTABILITY = YES;
				GCC_C_LANGUAGE_STANDARD = gnu11;
				GCC_DYNAMIC_NO_PIC = NO;
				GCC_NO_COMMON_BLOCKS = YES;
				GCC_OPTIMIZATION_LEVEL = 0;
				GCC_PREPROCESSOR_DEFINITIONS = (
					"DEBUG=1",
					"$(inherited)",
				);
				GCC_WARN_64_TO_32_BIT_CONVERSION = YES;
				GCC_WARN_ABOUT_RETURN_TYPE = YES_ERROR;
				GCC_WARN_UNDECLARED_SELECTOR = YES;
				GCC_WARN_UNINITIALIZED_AUTOS = YES_AGGRESSIVE;
				GCC_WARN_UNUSED_FUNCTION = YES;
				GCC_WARN_UNUSED_VARIABLE = YES;
				IPHONEOS_DEPLOYMENT_TARGET = 14.0;
				MTL_ENABLE_DEBUG_INFO = INCLUDE_SOURCE;
				MTL_FAST_MATH = YES;
				ONLY_ACTIVE_ARCH = YES;
				SDKROOT = iphoneos;
				SWIFT_ACTIVE_COMPILATION_CONDITIONS = DEBUG;
				SWIFT_OPTIMIZATION_LEVEL = "-Onone";
			};
			name = Debug;
		};
		60BEF0302631D7CE004DD1E1 /* Release */ = {
			isa = XCBuildConfiguration;
			buildSettings = {
				ALWAYS_SEARCH_USER_PATHS = NO;
				CLANG_ANALYZER_NONNULL = YES;
				CLANG_ANALYZER_NUMBER_OBJECT_CONVERSION = YES_AGGRESSIVE;
				CLANG_CXX_LANGUAGE_STANDARD = "gnu++14";
				CLANG_CXX_LIBRARY = "libc++";
				CLANG_ENABLE_MODULES = YES;
				CLANG_ENABLE_OBJC_ARC = YES;
				CLANG_ENABLE_OBJC_WEAK = YES;
				CLANG_WARN_BLOCK_CAPTURE_AUTORELEASING = YES;
				CLANG_WARN_BOOL_CONVERSION = YES;
				CLANG_WARN_COMMA = YES;
				CLANG_WARN_CONSTANT_CONVERSION = YES;
				CLANG_WARN_DEPRECATED_OBJC_IMPLEMENTATIONS = YES;
				CLANG_WARN_DIRECT_OBJC_ISA_USAGE = YES_ERROR;
				CLANG_WARN_DOCUMENTATION_COMMENTS = YES;
				CLANG_WARN_EMPTY_BODY = YES;
				CLANG_WARN_ENUM_CONVERSION = YES;
				CLANG_WARN_INFINITE_RECURSION = YES;
				CLANG_WARN_INT_CONVERSION = YES;
				CLANG_WARN_NON_LITERAL_NULL_CONVERSION = YES;
				CLANG_WARN_OBJC_IMPLICIT_RETAIN_SELF = YES;
				CLANG_WARN_OBJC_LITERAL_CONVERSION = YES;
				CLANG_WARN_OBJC_ROOT_CLASS = YES_ERROR;
				CLANG_WARN_QUOTED_INCLUDE_IN_FRAMEWORK_HEADER = YES;
				CLANG_WARN_RANGE_LOOP_ANALYSIS = YES;
				CLANG_WARN_STRICT_PROTOTYPES = YES;
				CLANG_WARN_SUSPICIOUS_MOVE = YES;
				CLANG_WARN_UNGUARDED_AVAILABILITY = YES_AGGRESSIVE;
				CLANG_WARN_UNREACHABLE_CODE = YES;
				CLANG_WARN__DUPLICATE_METHOD_MATCH = YES;
				COPY_PHASE_STRIP = NO;
				DEBUG_INFORMATION_FORMAT = "dwarf-with-dsym";
				ENABLE_NS_ASSERTIONS = NO;
				ENABLE_STRICT_OBJC_MSGSEND = YES;
				GCC_C_LANGUAGE_STANDARD = gnu11;
				GCC_NO_COMMON_BLOCKS = YES;
				GCC_WARN_64_TO_32_BIT_CONVERSION = YES;
				GCC_WARN_ABOUT_RETURN_TYPE = YES_ERROR;
				GCC_WARN_UNDECLARED_SELECTOR = YES;
				GCC_WARN_UNINITIALIZED_AUTOS = YES_AGGRESSIVE;
				GCC_WARN_UNUSED_FUNCTION = YES;
				GCC_WARN_UNUSED_VARIABLE = YES;
				IPHONEOS_DEPLOYMENT_TARGET = 14.0;
				MTL_ENABLE_DEBUG_INFO = NO;
				MTL_FAST_MATH = YES;
				SDKROOT = iphoneos;
				SWIFT_COMPILATION_MODE = wholemodule;
				SWIFT_OPTIMIZATION_LEVEL = "-O";
				VALIDATE_PRODUCT = YES;
			};
			name = Release;
		};
		60BEF0322631D7CE004DD1E1 /* Debug */ = {
			isa = XCBuildConfiguration;
			buildSettings = {
				ASSETCATALOG_COMPILER_APPICON_NAME = AppIcon;
				ASSETCATALOG_COMPILER_GLOBAL_ACCENT_COLOR_NAME = AccentColor;
				CODE_SIGN_STYLE = Automatic;
				DEVELOPMENT_ASSET_PATHS = "\"movieDB/Preview Content\"";
				DEVELOPMENT_TEAM = 2J5JQ97N3K;
				ENABLE_PREVIEWS = YES;
				INFOPLIST_FILE = movieDB/Info.plist;
				IPHONEOS_DEPLOYMENT_TARGET = 14.0;
				LD_RUNPATH_SEARCH_PATHS = (
					"$(inherited)",
					"@executable_path/Frameworks",
				);
				PRODUCT_BUNDLE_IDENTIFIER = com.zickox.movieDB;
				PRODUCT_NAME = "$(TARGET_NAME)";
				SWIFT_VERSION = 5.0;
				TARGETED_DEVICE_FAMILY = "1,2";
			};
			name = Debug;
		};
		60BEF0332631D7CE004DD1E1 /* Release */ = {
			isa = XCBuildConfiguration;
			buildSettings = {
				ASSETCATALOG_COMPILER_APPICON_NAME = AppIcon;
				ASSETCATALOG_COMPILER_GLOBAL_ACCENT_COLOR_NAME = AccentColor;
				CODE_SIGN_STYLE = Automatic;
				DEVELOPMENT_ASSET_PATHS = "\"movieDB/Preview Content\"";
				DEVELOPMENT_TEAM = 2J5JQ97N3K;
				ENABLE_PREVIEWS = YES;
				INFOPLIST_FILE = movieDB/Info.plist;
				IPHONEOS_DEPLOYMENT_TARGET = 14.0;
				LD_RUNPATH_SEARCH_PATHS = (
					"$(inherited)",
					"@executable_path/Frameworks",
				);
				PRODUCT_BUNDLE_IDENTIFIER = com.zickox.movieDB;
				PRODUCT_NAME = "$(TARGET_NAME)";
				SWIFT_VERSION = 5.0;
				TARGETED_DEVICE_FAMILY = "1,2";
			};
			name = Release;
		};
		60BEF0352631D7CE004DD1E1 /* Debug */ = {
			isa = XCBuildConfiguration;
			buildSettings = {
				ALWAYS_EMBED_SWIFT_STANDARD_LIBRARIES = YES;
				BUNDLE_LOADER = "$(TEST_HOST)";
				CODE_SIGN_STYLE = Automatic;
				DEVELOPMENT_TEAM = 2J5JQ97N3K;
				INFOPLIST_FILE = movieDBTests/Info.plist;
				IPHONEOS_DEPLOYMENT_TARGET = 14.0;
				LD_RUNPATH_SEARCH_PATHS = (
					"$(inherited)",
					"@executable_path/Frameworks",
					"@loader_path/Frameworks",
				);
				PRODUCT_BUNDLE_IDENTIFIER = com.zickox.movieDBTests;
				PRODUCT_NAME = "$(TARGET_NAME)";
				SWIFT_VERSION = 5.0;
				TARGETED_DEVICE_FAMILY = "1,2";
				TEST_HOST = "$(BUILT_PRODUCTS_DIR)/movieDB.app/movieDB";
			};
			name = Debug;
		};
		60BEF0362631D7CE004DD1E1 /* Release */ = {
			isa = XCBuildConfiguration;
			buildSettings = {
				ALWAYS_EMBED_SWIFT_STANDARD_LIBRARIES = YES;
				BUNDLE_LOADER = "$(TEST_HOST)";
				CODE_SIGN_STYLE = Automatic;
				DEVELOPMENT_TEAM = 2J5JQ97N3K;
				INFOPLIST_FILE = movieDBTests/Info.plist;
				IPHONEOS_DEPLOYMENT_TARGET = 14.0;
				LD_RUNPATH_SEARCH_PATHS = (
					"$(inherited)",
					"@executable_path/Frameworks",
					"@loader_path/Frameworks",
				);
				PRODUCT_BUNDLE_IDENTIFIER = com.zickox.movieDBTests;
				PRODUCT_NAME = "$(TARGET_NAME)";
				SWIFT_VERSION = 5.0;
				TARGETED_DEVICE_FAMILY = "1,2";
				TEST_HOST = "$(BUILT_PRODUCTS_DIR)/movieDB.app/movieDB";
			};
			name = Release;
		};
		60BEF0382631D7CE004DD1E1 /* Debug */ = {
			isa = XCBuildConfiguration;
			buildSettings = {
				ALWAYS_EMBED_SWIFT_STANDARD_LIBRARIES = YES;
				CODE_SIGN_STYLE = Automatic;
				DEVELOPMENT_TEAM = 2J5JQ97N3K;
				INFOPLIST_FILE = movieDBUITests/Info.plist;
				LD_RUNPATH_SEARCH_PATHS = (
					"$(inherited)",
					"@executable_path/Frameworks",
					"@loader_path/Frameworks",
				);
				PRODUCT_BUNDLE_IDENTIFIER = com.zickox.movieDBUITests;
				PRODUCT_NAME = "$(TARGET_NAME)";
				SWIFT_VERSION = 5.0;
				TARGETED_DEVICE_FAMILY = "1,2";
				TEST_TARGET_NAME = movieDB;
			};
			name = Debug;
		};
		60BEF0392631D7CE004DD1E1 /* Release */ = {
			isa = XCBuildConfiguration;
			buildSettings = {
				ALWAYS_EMBED_SWIFT_STANDARD_LIBRARIES = YES;
				CODE_SIGN_STYLE = Automatic;
				DEVELOPMENT_TEAM = 2J5JQ97N3K;
				INFOPLIST_FILE = movieDBUITests/Info.plist;
				LD_RUNPATH_SEARCH_PATHS = (
					"$(inherited)",
					"@executable_path/Frameworks",
					"@loader_path/Frameworks",
				);
				PRODUCT_BUNDLE_IDENTIFIER = com.zickox.movieDBUITests;
				PRODUCT_NAME = "$(TARGET_NAME)";
				SWIFT_VERSION = 5.0;
				TARGETED_DEVICE_FAMILY = "1,2";
				TEST_TARGET_NAME = movieDB;
			};
			name = Release;
		};
/* End XCBuildConfiguration section */

/* Begin XCConfigurationList section */
		60BEF0072631D7CA004DD1E1 /* Build configuration list for PBXProject "movieDB" */ = {
			isa = XCConfigurationList;
			buildConfigurations = (
				60BEF02F2631D7CE004DD1E1 /* Debug */,
				60BEF0302631D7CE004DD1E1 /* Release */,
			);
			defaultConfigurationIsVisible = 0;
			defaultConfigurationName = Release;
		};
		60BEF0312631D7CE004DD1E1 /* Build configuration list for PBXNativeTarget "movieDB" */ = {
			isa = XCConfigurationList;
			buildConfigurations = (
				60BEF0322631D7CE004DD1E1 /* Debug */,
				60BEF0332631D7CE004DD1E1 /* Release */,
			);
			defaultConfigurationIsVisible = 0;
			defaultConfigurationName = Release;
		};
		60BEF0342631D7CE004DD1E1 /* Build configuration list for PBXNativeTarget "movieDBTests" */ = {
			isa = XCConfigurationList;
			buildConfigurations = (
				60BEF0352631D7CE004DD1E1 /* Debug */,
				60BEF0362631D7CE004DD1E1 /* Release */,
			);
			defaultConfigurationIsVisible = 0;
			defaultConfigurationName = Release;
		};
		60BEF0372631D7CE004DD1E1 /* Build configuration list for PBXNativeTarget "movieDBUITests" */ = {
			isa = XCConfigurationList;
			buildConfigurations = (
				60BEF0382631D7CE004DD1E1 /* Debug */,
				60BEF0392631D7CE004DD1E1 /* Release */,
			);
			defaultConfigurationIsVisible = 0;
			defaultConfigurationName = Release;
		};
/* End XCConfigurationList section */
	};
	rootObject = 60BEF0042631D7CA004DD1E1 /* Project object */;
}
